// !$*UTF8*$!
{
	archiveVersion = 1;
	classes = {
	};
	objectVersion = 77;
	objects = {

/* Begin PBXBuildFile section */
		Q098CV393CB057S3RB13B8IT /* CryptoSwift in Frameworks */ = {isa = PBXBuildFile; productRef = F2RVV5TJBKW37NWGVO3RYPW9 /* CryptoSwift */; };
		HDHI59R9DQ6MC82LAHKB16LX /* SwifterSwift in Frameworks */ = {isa = PBXBuildFile; productRef = SMRYTWLB6J2KCX688CPX9OIK /* SwifterSwift */; };
		VIWW0WN7VEX40LH88WC1AL56 /* Pods_ConfuseDemo1.framework in Frameworks */ = {isa = PBXBuildFile; fileRef = JKI4A6GAU7ZWNDJUJP9IYU7V /* Pods_ConfuseDemo1.framework */; };
/* End PBXBuildFile section */

/* Begin PBXFileReference section */
		W22I8DMES5SQ3LVMQ8RJH9BR /* Pods-ConfuseDemo1-ConfuseDemo1UITests.release.xcconfig */ = {isa = PBXFileReference; includeInIndex = 1; lastKnownFileType = text.xcconfig; name = "Pods-ConfuseDemo1-ConfuseDemo1UITests.release.xcconfig"; path = "Target Support Files/Pods-ConfuseDemo1-ConfuseDemo1UITests/Pods-ConfuseDemo1-ConfuseDemo1UITests.release.xcconfig"; sourceTree = "<group>"; };
		MZZHK4AGG91F6PZGL72H1QGD /* Pods-ConfuseDemo1Tests.debug.xcconfig */ = {isa = PBXFileReference; includeInIndex = 1; lastKnownFileType = text.xcconfig; name = "Pods-ConfuseDemo1Tests.debug.xcconfig"; path = "Target Support Files/Pods-ConfuseDemo1Tests/Pods-ConfuseDemo1Tests.debug.xcconfig"; sourceTree = "<group>"; };
		96DJCD6A54HOXMBEG3ODYFSC /* Pods_ConfuseDemo1Tests.framework */ = {isa = PBXFileReference; explicitFileType = wrapper.framework; includeInIndex = 0; path = Pods_ConfuseDemo1Tests.framework; sourceTree = BUILT_PRODUCTS_DIR; };
		19D5DPH7H8ITZZ9C0CK81KMO /* Pods-ConfuseDemo1Tests.release.xcconfig */ = {isa = PBXFileReference; includeInIndex = 1; lastKnownFileType = text.xcconfig; name = "Pods-ConfuseDemo1Tests.release.xcconfig"; path = "Target Support Files/Pods-ConfuseDemo1Tests/Pods-ConfuseDemo1Tests.release.xcconfig"; sourceTree = "<group>"; };
		6BEHFDFICNNTM4J7LRUBD0PS /* Pods-ConfuseDemo1.debug.xcconfig */ = {isa = PBXFileReference; includeInIndex = 1; lastKnownFileType = text.xcconfig; name = "Pods-ConfuseDemo1.debug.xcconfig"; path = "Target Support Files/Pods-ConfuseDemo1/Pods-ConfuseDemo1.debug.xcconfig"; sourceTree = "<group>"; };
		CEITG3GHBUG0HFMCAD10SLLH /* ConfuseDemo1.app */ = {isa = PBXFileReference; explicitFileType = wrapper.application; includeInIndex = 0; path = ConfuseDemo1.app; sourceTree = BUILT_PRODUCTS_DIR; };
		JUNGA9OORABXK1SX2LSKSC44 /* Pods_ConfuseDemo1_ConfuseDemo1UITests.framework */ = {isa = PBXFileReference; explicitFileType = wrapper.framework; includeInIndex = 0; path = Pods_ConfuseDemo1_ConfuseDemo1UITests.framework; sourceTree = BUILT_PRODUCTS_DIR; };
		0T1F12OYOTWXO64M4QIMSPNE /* Pods-ConfuseDemo1-ConfuseDemo1UITests.debug.xcconfig */ = {isa = PBXFileReference; includeInIndex = 1; lastKnownFileType = text.xcconfig; name = "Pods-ConfuseDemo1-ConfuseDemo1UITests.debug.xcconfig"; path = "Target Support Files/Pods-ConfuseDemo1-ConfuseDemo1UITests/Pods-ConfuseDemo1-ConfuseDemo1UITests.debug.xcconfig"; sourceTree = "<group>"; };
		HWQW5BLEL5HEOSSG7A4DHHWS /* Pods-ConfuseDemo1.release.xcconfig */ = {isa = PBXFileReference; includeInIndex = 1; lastKnownFileType = text.xcconfig; name = "Pods-ConfuseDemo1.release.xcconfig"; path = "Target Support Files/Pods-ConfuseDemo1/Pods-ConfuseDemo1.release.xcconfig"; sourceTree = "<group>"; };
		JKI4A6GAU7ZWNDJUJP9IYU7V /* Pods_ConfuseDemo1.framework */ = {isa = PBXFileReference; explicitFileType = wrapper.framework; includeInIndex = 0; path = Pods_ConfuseDemo1.framework; sourceTree = BUILT_PRODUCTS_DIR; };
/* End PBXFileReference section */

/* Begin PBXFileSystemSynchronizedBuildFileExceptionSet section */
		1L19VKA6RK6E437X7WR1RDBJ /* Exceptions for "ConfuseDemo1" folder in "ConfuseDemo1" target */ = {
			isa = PBXFileSystemSynchronizedBuildFileExceptionSet;
			membershipExceptions = (
				Info.plist,
			);
			target = I9LSIQL8LQFHNQYO6284CWBQ /* ConfuseDemo1 */;
		};
/* End PBXFileSystemSynchronizedBuildFileExceptionSet section */

/* Begin PBXFileSystemSynchronizedRootGroup section */
		VOTFQDIS81ENXC5XWEP9TSVH /* ConfuseDemo1 */ = {
			isa = PBXFileSystemSynchronizedRootGroup;
			exceptions = (
				1L19VKA6RK6E437X7WR1RDBJ /* Exceptions for "ConfuseDemo1" folder in "ConfuseDemo1" target */,
			);
			path = ConfuseDemo1;
			sourceTree = "<group>";
		};
/* End PBXFileSystemSynchronizedRootGroup section */

/* Begin PBXFrameworksBuildPhase section */
		D2FI0JV29N76TM77FAO0C1M3 /* Frameworks */ = {
			isa = PBXFrameworksBuildPhase;
			buildActionMask = 2147483647;
			files = (
				HDHI59R9DQ6MC82LAHKB16LX /* SwifterSwift in Frameworks */,
				VIWW0WN7VEX40LH88WC1AL56 /* Pods_ConfuseDemo1.framework in Frameworks */,
				Q098CV393CB057S3RB13B8IT /* CryptoSwift in Frameworks */,
			);
			runOnlyForDeploymentPostprocessing = 0;
		};
/* End PBXFrameworksBuildPhase section */

/* Begin PBXGroup section */
		UY2DSVN2SZGAXE4TF6UX4HXA = {
			isa = PBXGroup;
			children = (
				VOTFQDIS81ENXC5XWEP9TSVH /* ConfuseDemo1 */,
				FJQ4NX18UMH6707QEZGW8JB8 /* Products */,
				4KDUHOJSS7MGRC75LB823PWS /* Pods */,
				AEI8OW0KBEEIT1R0MKV8AABI /* Frameworks */,
			);
			sourceTree = "<group>";
		};
		FJQ4NX18UMH6707QEZGW8JB8 /* Products */ = {
			isa = PBXGroup;
			children = (
				CEITG3GHBUG0HFMCAD10SLLH /* ConfuseDemo1.app */,
			);
			name = Products;
			sourceTree = "<group>";
		};
		4KDUHOJSS7MGRC75LB823PWS /* Pods */ = {
			isa = PBXGroup;
			children = (
				6BEHFDFICNNTM4J7LRUBD0PS /* Pods-ConfuseDemo1.debug.xcconfig */,
				HWQW5BLEL5HEOSSG7A4DHHWS /* Pods-ConfuseDemo1.release.xcconfig */,
				0T1F12OYOTWXO64M4QIMSPNE /* Pods-ConfuseDemo1-ConfuseDemo1UITests.debug.xcconfig */,
				W22I8DMES5SQ3LVMQ8RJH9BR /* Pods-ConfuseDemo1-ConfuseDemo1UITests.release.xcconfig */,
				MZZHK4AGG91F6PZGL72H1QGD /* Pods-ConfuseDemo1Tests.debug.xcconfig */,
				19D5DPH7H8ITZZ9C0CK81KMO /* Pods-ConfuseDemo1Tests.release.xcconfig */,
			);
			path = Pods;
			sourceTree = "<group>";
		};
		AEI8OW0KBEEIT1R0MKV8AABI /* Frameworks */ = {
			isa = PBXGroup;
			children = (
				JKI4A6GAU7ZWNDJUJP9IYU7V /* Pods_ConfuseDemo1.framework */,
				JUNGA9OORABXK1SX2LSKSC44 /* Pods_ConfuseDemo1_ConfuseDemo1UITests.framework */,
				96DJCD6A54HOXMBEG3ODYFSC /* Pods_ConfuseDemo1Tests.framework */,
			);
			name = Frameworks;
			sourceTree = "<group>";
		};
/* End PBXGroup section */

/* Begin PBXNativeTarget section */
		I9LSIQL8LQFHNQYO6284CWBQ /* ConfuseDemo1 */ = {
			isa = PBXNativeTarget;
			buildConfigurationList = 5ETATUVAN27WCIOX7B8O2GCO /* Build configuration list for PBXNativeTarget "ConfuseDemo1" */;
			buildPhases = (
				R3EGMCI00Y9V1G02GWDPGSFQ /* [CP] Check Pods Manifest.lock */,
				YBLD35TIN7QGJCQN3TORP3SD /* Sources */,
				D2FI0JV29N76TM77FAO0C1M3 /* Frameworks */,
				U2HMVOGB09SDBCRXWB15D6WG /* Resources */,
			);
			buildRules = (
			);
			dependencies = (
			);
			fileSystemSynchronizedGroups = (
				VOTFQDIS81ENXC5XWEP9TSVH /* ConfuseDemo1 */,
			);
			name = ConfuseDemo1;
			productName = ConfuseDemo1;
			productReference = CEITG3GHBUG0HFMCAD10SLLH /* ConfuseDemo1.app */;
			productType = "com.apple.product-type.application";
		};
/* End PBXNativeTarget section */

/* Begin PBXProject section */
		TE7OQ49O0YAQATYM6QAJ6V8A /* Project object */ = {
			isa = PBXProject;
			attributes = {
				BuildIndependentTargetsInParallel = 1;
				LastSwiftUpdateCheck = 1620;
				LastUpgradeCheck = 1620;
				TargetAttributes = {
					I9LSIQL8LQFHNQYO6284CWBQ = {
						CreatedOnToolsVersion = 16.2;
					};
				};
			};
			buildConfigurationList = MSH4Z4MDW4E1UBWW8KXHJHNY /* Build configuration list for PBXProject "ConfuseDemo1" */;
			developmentRegion = en;
			hasScannedForEncodings = 0;
			knownRegions = (
				en,
				Base,
			);
			mainGroup = UY2DSVN2SZGAXE4TF6UX4HXA;
			minimizedProjectReferenceProxies = 1;
			packageReferences = (
				L1AN31D5GV9MTZ7JHTWQQXW8 /* XCRemoteSwiftPackageReference "CryptoSwift" */,
				K8DHWRQKGEOTSQ0I2JXUHCBK /* XCRemoteSwiftPackageReference "SwifterSwift" */,
			);
			preferredProjectObjectVersion = 77;
			productRefGroup = FJQ4NX18UMH6707QEZGW8JB8 /* Products */;
			projectDirPath = "";
			projectRoot = "";
			targets = (
				I9LSIQL8LQFHNQYO6284CWBQ /* ConfuseDemo1 */,
			);
		};
/* End PBXProject section */

/* Begin PBXResourcesBuildPhase section */
		U2HMVOGB09SDBCRXWB15D6WG /* Resources */ = {
			isa = PBXResourcesBuildPhase;
			buildActionMask = 2147483647;
			files = (
			);
			runOnlyForDeploymentPostprocessing = 0;
		};
/* End PBXResourcesBuildPhase section */

/* Begin PBXShellScriptBuildPhase section */
		R3EGMCI00Y9V1G02GWDPGSFQ /* [CP] Check Pods Manifest.lock */ = {
			isa = PBXShellScriptBuildPhase;
			buildActionMask = 2147483647;
			files = (
			);
			inputFileListPaths = (
			);
			inputPaths = (
				"${PODS_PODFILE_DIR_PATH}/Podfile.lock",
				"${PODS_ROOT}/Manifest.lock",
			);
			name = "[CP] Check Pods Manifest.lock";
			outputFileListPaths = (
			);
			outputPaths = (
				"$(DERIVED_FILE_DIR)/Pods-ConfuseDemo1-checkManifestLockResult.txt",
			);
			runOnlyForDeploymentPostprocessing = 0;
			shellPath = /bin/sh;
			shellScript = "diff \"${PODS_PODFILE_DIR_PATH}/Podfile.lock\" \"${PODS_ROOT}/Manifest.lock\" > /dev/null\nif [ $? != 0 ] ; then\n    # print error to STDERR\n    echo \"error: The sandbox is not in sync with the Podfile.lock. Run 'pod install' or update your CocoaPods installation.\" >&2\n    exit 1\nfi\n# This output is used by Xcode 'outputs' to avoid re-running this script phase.\necho \"SUCCESS\" > \"${SCRIPT_OUTPUT_FILE_0}\"\n";
			showEnvVarsInLog = 0;
		};
/* End PBXShellScriptBuildPhase section */

/* Begin PBXSourcesBuildPhase section */
		YBLD35TIN7QGJCQN3TORP3SD /* Sources */ = {
			isa = PBXSourcesBuildPhase;
			buildActionMask = 2147483647;
			files = (
			);
			runOnlyForDeploymentPostprocessing = 0;
		};
/* End PBXSourcesBuildPhase section */

/* Begin XCBuildConfiguration section */
		QRQZ4FM53RSQ270X0RX9UCNW /* Debug */ = {
			isa = XCBuildConfiguration;
			baseConfigurationReference = 6BEHFDFICNNTM4J7LRUBD0PS /* Pods-ConfuseDemo1.debug.xcconfig */;
			buildSettings = {
				ASSETCATALOG_COMPILER_APPICON_NAME = AppIcon;
				ASSETCATALOG_COMPILER_GLOBAL_ACCENT_COLOR_NAME = AccentColor;
				CODE_SIGN_STYLE = Automatic;
				CURRENT_PROJECT_VERSION = 1;
				DEVELOPMENT_TEAM = Y45C25U4KC;
				GENERATE_INFOPLIST_FILE = YES;
				INFOPLIST_FILE = ConfuseDemo1/Info.plist;
				INFOPLIST_KEY_UIApplicationSupportsIndirectInputEvents = YES;
				INFOPLIST_KEY_UILaunchStoryboardName = LaunchScreen;
				INFOPLIST_KEY_UIMainStoryboardFile = Main;
				INFOPLIST_KEY_UISupportedInterfaceOrientations_iPad = "UIInterfaceOrientationPortrait UIInterfaceOrientationPortraitUpsideDown UIInterfaceOrientationLandscapeLeft UIInterfaceOrientationLandscapeRight";
				INFOPLIST_KEY_UISupportedInterfaceOrientations_iPhone = "UIInterfaceOrientationPortrait UIInterfaceOrientationLandscapeLeft UIInterfaceOrientationLandscapeRight";
				IPHONEOS_DEPLOYMENT_TARGET = 15.6;
				LD_RUNPATH_SEARCH_PATHS = (
					"$(inherited)",
					"@executable_path/Frameworks",
				);
				MARKETING_VERSION = 1.0;
				PRODUCT_BUNDLE_IDENTIFIER = com.pr.cam.ConfuseDemo1;
				PRODUCT_NAME = "$(TARGET_NAME)";
				SWIFT_EMIT_LOC_STRINGS = YES;
				SWIFT_VERSION = 5.0;
				TARGETED_DEVICE_FAMILY = "1,2";
			};
			name = Debug;
		};
		WEH50D2HME14OTAOEFZCW4GT /* Release */ = {
			isa = XCBuildConfiguration;
			baseConfigurationReference = HWQW5BLEL5HEOSSG7A4DHHWS /* Pods-ConfuseDemo1.release.xcconfig */;
			buildSettings = {
				ASSETCATALOG_COMPILER_APPICON_NAME = AppIcon;
				ASSETCATALOG_COMPILER_GLOBAL_ACCENT_COLOR_NAME = AccentColor;
				CODE_SIGN_STYLE = Automatic;
				CURRENT_PROJECT_VERSION = 1;
				DEVELOPMENT_TEAM = Y45C25U4KC;
				GENERATE_INFOPLIST_FILE = YES;
				INFOPLIST_FILE = ConfuseDemo1/Info.plist;
				INFOPLIST_KEY_UIApplicationSupportsIndirectInputEvents = YES;
				INFOPLIST_KEY_UILaunchStoryboardName = LaunchScreen;
				INFOPLIST_KEY_UIMainStoryboardFile = Main;
				INFOPLIST_KEY_UISupportedInterfaceOrientations_iPad = "UIInterfaceOrientationPortrait UIInterfaceOrientationPortraitUpsideDown UIInterfaceOrientationLandscapeLeft UIInterfaceOrientationLandscapeRight";
				INFOPLIST_KEY_UISupportedInterfaceOrientations_iPhone = "UIInterfaceOrientationPortrait UIInterfaceOrientationLandscapeLeft UIInterfaceOrientationLandscapeRight";
				IPHONEOS_DEPLOYMENT_TARGET = 15.6;
				LD_RUNPATH_SEARCH_PATHS = (
					"$(inherited)",
					"@executable_path/Frameworks",
				);
				MARKETING_VERSION = 1.0;
				PRODUCT_BUNDLE_IDENTIFIER = com.pr.cam.ConfuseDemo1;
				PRODUCT_NAME = "$(TARGET_NAME)";
				SWIFT_EMIT_LOC_STRINGS = YES;
				SWIFT_VERSION = 5.0;
				TARGETED_DEVICE_FAMILY = "1,2";
			};
			name = Release;
		};
		U7CY1BHGC8YUXW36975SHNBK /* Debug */ = {
			isa = XCBuildConfiguration;
			buildSettings = {
				ALWAYS_SEARCH_USER_PATHS = NO;
				ASSETCATALOG_COMPILER_GENERATE_SWIFT_ASSET_SYMBOL_EXTENSIONS = YES;
				CLANG_ANALYZER_NONNULL = YES;
				CLANG_ANALYZER_NUMBER_OBJECT_CONVERSION = YES_AGGRESSIVE;
				CLANG_CXX_LANGUAGE_STANDARD = "gnu++20";
				CLANG_ENABLE_MODULES = YES;
				CLANG_ENABLE_OBJC_ARC = YES;
				CLANG_ENABLE_OBJC_WEAK = YES;
				CLANG_WARN_BLOCK_CAPTURE_AUTORELEASING = YES;
				CLANG_WARN_BOOL_CONVERSION = YES;
				CLANG_WARN_COMMA = YES;
				CLANG_WARN_CONSTANT_CONVERSION = YES;
				CLANG_WARN_DEPRECATED_OBJC_IMPLEMENTATIONS = YES;
				CLANG_WARN_DIRECT_OBJC_ISA_USAGE = YES_ERROR;
				CLANG_WARN_DOCUMENTATION_COMMENTS = YES;
				CLANG_WARN_EMPTY_BODY = YES;
				CLANG_WARN_ENUM_CONVERSION = YES;
				CLANG_WARN_INFINITE_RECURSION = YES;
				CLANG_WARN_INT_CONVERSION = YES;
				CLANG_WARN_NON_LITERAL_NULL_CONVERSION = YES;
				CLANG_WARN_OBJC_IMPLICIT_RETAIN_SELF = YES;
				CLANG_WARN_OBJC_LITERAL_CONVERSION = YES;
				CLANG_WARN_OBJC_ROOT_CLASS = YES_ERROR;
				CLANG_WARN_QUOTED_INCLUDE_IN_FRAMEWORK_HEADER = YES;
				CLANG_WARN_RANGE_LOOP_ANALYSIS = YES;
				CLANG_WARN_STRICT_PROTOTYPES = YES;
				CLANG_WARN_SUSPICIOUS_MOVE = YES;
				CLANG_WARN_UNGUARDED_AVAILABILITY = YES_AGGRESSIVE;
				CLANG_WARN_UNREACHABLE_CODE = YES;
				CLANG_WARN__DUPLICATE_METHOD_MATCH = YES;
				COPY_PHASE_STRIP = NO;
				DEBUG_INFORMATION_FORMAT = dwarf;
				ENABLE_STRICT_OBJC_MSGSEND = YES;
				ENABLE_TESTABILITY = YES;
				ENABLE_USER_SCRIPT_SANDBOXING = YES;
				GCC_C_LANGUAGE_STANDARD = gnu17;
				GCC_DYNAMIC_NO_PIC = NO;
				GCC_NO_COMMON_BLOCKS = YES;
				GCC_OPTIMIZATION_LEVEL = 0;
				GCC_PREPROCESSOR_DEFINITIONS = (
					"DEBUG=1",
					"$(inherited)",
				);
				GCC_WARN_64_TO_32_BIT_CONVERSION = YES;
				GCC_WARN_ABOUT_RETURN_TYPE = YES_ERROR;
				GCC_WARN_UNDECLARED_SELECTOR = YES;
				GCC_WARN_UNINITIALIZED_AUTOS = YES_AGGRESSIVE;
				GCC_WARN_UNUSED_FUNCTION = YES;
				GCC_WARN_UNUSED_VARIABLE = YES;
				IPHONEOS_DEPLOYMENT_TARGET = 18.2;
				LOCALIZATION_PREFERS_STRING_CATALOGS = YES;
				MTL_ENABLE_DEBUG_INFO = INCLUDE_SOURCE;
				MTL_FAST_MATH = YES;
				ONLY_ACTIVE_ARCH = YES;
				SDKROOT = iphoneos;
				SWIFT_ACTIVE_COMPILATION_CONDITIONS = "DEBUG $(inherited)";
				SWIFT_OPTIMIZATION_LEVEL = "-Onone";
			};
			name = Debug;
		};
		MLYG8YY7FQ52ARRK6ID04ALY /* Release */ = {
			isa = XCBuildConfiguration;
			buildSettings = {
				ALWAYS_SEARCH_USER_PATHS = NO;
				ASSETCATALOG_COMPILER_GENERATE_SWIFT_ASSET_SYMBOL_EXTENSIONS = YES;
				CLANG_ANALYZER_NONNULL = YES;
				CLANG_ANALYZER_NUMBER_OBJECT_CONVERSION = YES_AGGRESSIVE;
				CLANG_CXX_LANGUAGE_STANDARD = "gnu++20";
				CLANG_ENABLE_MODULES = YES;
				CLANG_ENABLE_OBJC_ARC = YES;
				CLANG_ENABLE_OBJC_WEAK = YES;
				CLANG_WARN_BLOCK_CAPTURE_AUTORELEASING = YES;
				CLANG_WARN_BOOL_CONVERSION = YES;
				CLANG_WARN_COMMA = YES;
				CLANG_WARN_CONSTANT_CONVERSION = YES;
				CLANG_WARN_DEPRECATED_OBJC_IMPLEMENTATIONS = YES;
				CLANG_WARN_DIRECT_OBJC_ISA_USAGE = YES_ERROR;
				CLANG_WARN_DOCUMENTATION_COMMENTS = YES;
				CLANG_WARN_EMPTY_BODY = YES;
				CLANG_WARN_ENUM_CONVERSION = YES;
				CLANG_WARN_INFINITE_RECURSION = YES;
				CLANG_WARN_INT_CONVERSION = YES;
				CLANG_WARN_NON_LITERAL_NULL_CONVERSION = YES;
				CLANG_WARN_OBJC_IMPLICIT_RETAIN_SELF = YES;
				CLANG_WARN_OBJC_LITERAL_CONVERSION = YES;
				CLANG_WARN_OBJC_ROOT_CLASS = YES_ERROR;
				CLANG_WARN_QUOTED_INCLUDE_IN_FRAMEWORK_HEADER = YES;
				CLANG_WARN_RANGE_LOOP_ANALYSIS = YES;
				CLANG_WARN_STRICT_PROTOTYPES = YES;
				CLANG_WARN_SUSPICIOUS_MOVE = YES;
				CLANG_WARN_UNGUARDED_AVAILABILITY = YES_AGGRESSIVE;
				CLANG_WARN_UNREACHABLE_CODE = YES;
				CLANG_WARN__DUPLICATE_METHOD_MATCH = YES;
				COPY_PHASE_STRIP = NO;
				DEBUG_INFORMATION_FORMAT = "dwarf-with-dsym";
				ENABLE_NS_ASSERTIONS = NO;
				ENABLE_STRICT_OBJC_MSGSEND = YES;
				ENABLE_USER_SCRIPT_SANDBOXING = YES;
				GCC_C_LANGUAGE_STANDARD = gnu17;
				GCC_NO_COMMON_BLOCKS = YES;
				GCC_WARN_64_TO_32_BIT_CONVERSION = YES;
				GCC_WARN_ABOUT_RETURN_TYPE = YES_ERROR;
				GCC_WARN_UNDECLARED_SELECTOR = YES;
				GCC_WARN_UNINITIALIZED_AUTOS = YES_AGGRESSIVE;
				GCC_WARN_UNUSED_FUNCTION = YES;
				GCC_WARN_UNUSED_VARIABLE = YES;
				IPHONEOS_DEPLOYMENT_TARGET = 18.2;
				LOCALIZATION_PREFERS_STRING_CATALOGS = YES;
				MTL_ENABLE_DEBUG_INFO = NO;
				MTL_FAST_MATH = YES;
				SDKROOT = iphoneos;
				SWIFT_COMPILATION_MODE = wholemodule;
				VALIDATE_PRODUCT = YES;
			};
			name = Release;
		};
/* End XCBuildConfiguration section */

/* Begin XCConfigurationList section */
		MSH4Z4MDW4E1UBWW8KXHJHNY /* Build configuration list for PBXProject "ConfuseDemo1" */ = {
			isa = XCConfigurationList;
			buildConfigurations = (
				U7CY1BHGC8YUXW36975SHNBK /* Debug */,
				MLYG8YY7FQ52ARRK6ID04ALY /* Release */,
			);
			defaultConfigurationIsVisible = 0;
			defaultConfigurationName = Release;
		};
		5ETATUVAN27WCIOX7B8O2GCO /* Build configuration list for PBXNativeTarget "ConfuseDemo1" */ = {
			isa = XCConfigurationList;
			buildConfigurations = (
				QRQZ4FM53RSQ270X0RX9UCNW /* Debug */,
				WEH50D2HME14OTAOEFZCW4GT /* Release */,
			);
			defaultConfigurationIsVisible = 0;
			defaultConfigurationName = Release;
		};
/* End XCConfigurationList section */

/* Begin XCRemoteSwiftPackageReference section */
		L1AN31D5GV9MTZ7JHTWQQXW8 /* XCRemoteSwiftPackageReference "CryptoSwift" */ = {
			isa = XCRemoteSwiftPackageReference;
			repositoryURL = "https://github.com/krzyzanowskim/CryptoSwift.git";
			requirement = {
				kind = upToNextMajorVersion;
				minimumVersion = 1.8.4;
			};
		};
		K8DHWRQKGEOTSQ0I2JXUHCBK /* XCRemoteSwiftPackageReference "SwifterSwift" */ = {
			isa = XCRemoteSwiftPackageReference;
			repositoryURL = "https://github.com/SwifterSwift/SwifterSwift.git";
			requirement = {
				kind = upToNextMajorVersion;
				minimumVersion = 7.0.0;
			};
		};
/* End XCRemoteSwiftPackageReference section */

/* Begin XCSwiftPackageProductDependency section */
		F2RVV5TJBKW37NWGVO3RYPW9 /* CryptoSwift */ = {
			isa = XCSwiftPackageProductDependency;
			package = L1AN31D5GV9MTZ7JHTWQQXW8 /* XCRemoteSwiftPackageReference "CryptoSwift" */;
			productName = CryptoSwift;
		};
		SMRYTWLB6J2KCX688CPX9OIK /* SwifterSwift */ = {
			isa = XCSwiftPackageProductDependency;
			package = K8DHWRQKGEOTSQ0I2JXUHCBK /* XCRemoteSwiftPackageReference "SwifterSwift" */;
			productName = SwifterSwift;
		};
/* End XCSwiftPackageProductDependency section */
	};
	rootObject = TE7OQ49O0YAQATYM6QAJ6V8A /* Project object */;
}
